
Microsoft Visual Studio Solution File, Format Version 12.00
# Visual Studio Version 16
VisualStudioVersion = 16.0.31624.102
MinimumVisualStudioVersion = 10.0.40219.1
Project("{FAE04EC0-301F-11D3-BF4B-00C04F79EFBC}") = "Script2 ADO to Word", "Script2 ADO to Word.csproj", "{3BE7710E-A542-4FEB-B9FE-FEF8A1EC06FD}"
EndProject
Global
	GlobalSection(SolutionConfigurationPlatforms) = preSolution
		Debug|Any CPU = Debug|Any CPU
		Release|Any CPU = Release|Any CPU
	EndGlobalSection
	GlobalSection(ProjectConfigurationPlatforms) = postSolution
		{3BE7710E-A542-4FEB-B9FE-FEF8A1EC06FD}.Debug|Any CPU.ActiveCfg = Debug|Any CPU
		{3BE7710E-A542-4FEB-B9FE-FEF8A1EC06FD}.Debug|Any CPU.Build.0 = Debug|Any CPU
		{3BE7710E-A542-4FEB-B9FE-FEF8A1EC06FD}.Release|Any CPU.ActiveCfg = Release|Any CPU
		{3BE7710E-A542-4FEB-B9FE-FEF8A1EC06FD}.Release|Any CPU.Build.0 = Release|Any CPU
	EndGlobalSection
	GlobalSection(SolutionProperties) = preSolution
		HideSolutionNode = FALSE
	EndGlobalSection
	GlobalSection(ExtensibilityGlobals) = postSolution
		SolutionGuid = {A08139B6-B3A6-4B01-950C-9D26D2FC8EF6}
	EndGlobalSection
EndGlobal
